
Microsoft Visual Studio Solution File, Format Version 12.00
# Visual Studio Version 17
VisualStudioVersion = 17.6.33829.357
MinimumVisualStudioVersion = 10.0.40219.1
Project("{9A19103F-16F7-4668-BE54-9A1E7A4F7556}") = "BLOCKSDK", "BLOCKSDK\BLOCKSDK.csproj", "{0B92F21F-384C-4794-A4A3-BA59E20CB2CE}"
EndProject
Project("{FAE04EC0-301F-11D3-BF4B-00C04F79EFBC}") = "TestBlockSDK", "TestBlockSDK\TestBlockSDK.csproj", "{63CA4EDC-EFBD-440B-80C0-944AEAF48F32}"
EndProject
Global
	GlobalSection(SolutionConfigurationPlatforms) = preSolution
		Debug|Any CPU = Debug|Any CPU
		Release|Any CPU = Release|Any CPU
	EndGlobalSection
	GlobalSection(ProjectConfigurationPlatforms) = postSolution
		{0B92F21F-384C-4794-A4A3-BA59E20CB2CE}.Debug|Any CPU.ActiveCfg = Debug|Any CPU
		{0B92F21F-384C-4794-A4A3-BA59E20CB2CE}.Debug|Any CPU.Build.0 = Debug|Any CPU
		{0B92F21F-384C-4794-A4A3-BA59E20CB2CE}.Release|Any CPU.ActiveCfg = Release|Any CPU
		{0B92F21F-384C-4794-A4A3-BA59E20CB2CE}.Release|Any CPU.Build.0 = Release|Any CPU
		{63CA4EDC-EFBD-440B-80C0-944AEAF48F32}.Debug|Any CPU.ActiveCfg = Debug|Any CPU
		{63CA4EDC-EFBD-440B-80C0-944AEAF48F32}.Debug|Any CPU.Build.0 = Debug|Any CPU
		{63CA4EDC-EFBD-440B-80C0-944AEAF48F32}.Release|Any CPU.ActiveCfg = Release|Any CPU
		{63CA4EDC-EFBD-440B-80C0-944AEAF48F32}.Release|Any CPU.Build.0 = Release|Any CPU
	EndGlobalSection
	GlobalSection(SolutionProperties) = preSolution
		HideSolutionNode = FALSE
	EndGlobalSection
	GlobalSection(ExtensibilityGlobals) = postSolution
		SolutionGuid = {5BC30115-016F-451F-90F4-D6B726CD4C07}
	EndGlobalSection
EndGlobal
